
Microsoft Visual Studio Solution File, Format Version 12.00
# Visual Studio 15
VisualStudioVersion = 15.0.28307.421
MinimumVisualStudioVersion = 10.0.40219.1
Project("{FAE04EC0-301F-11D3-BF4B-00C04F79EFBC}") = "CapaAccesoDatos", "CapaAccesoDatos\CapaAccesoDatos.csproj", "{9A4E19E1-C154-45AC-8B93-068085B159BF}"
EndProject
Project("{2150E333-8FDC-42A3-9474-1A3956D46DE8}") = "Solution Items", "Solution Items", "{6A87622A-537A-4E3C-B39F-4CABB1197C43}"
	ProjectSection(SolutionItems) = preProject
		Leeme.txt = Leeme.txt
	EndProjectSection
EndProject
Project("{FAE04EC0-301F-11D3-BF4B-00C04F79EFBC}") = "PruebasUnitariasCapaAccesoDatos", "PruebasUnitariasCapaAccesoDatos\PruebasUnitariasCapaAccesoDatos.csproj", "{05A9D5F4-CD47-4563-BF67-5BC9C559F4E5}"
EndProject
Project("{FAE04EC0-301F-11D3-BF4B-00C04F79EFBC}") = "CapaServicioSoap", "CapaServicioSoap\CapaServicioSoap.csproj", "{53AC4F2D-FD90-4760-9BA3-7157791BA73B}"
EndProject
Global
	GlobalSection(SolutionConfigurationPlatforms) = preSolution
		Debug|Any CPU = Debug|Any CPU
		Release|Any CPU = Release|Any CPU
	EndGlobalSection
	GlobalSection(ProjectConfigurationPlatforms) = postSolution
		{9A4E19E1-C154-45AC-8B93-068085B159BF}.Debug|Any CPU.ActiveCfg = Debug|Any CPU
		{9A4E19E1-C154-45AC-8B93-068085B159BF}.Debug|Any CPU.Build.0 = Debug|Any CPU
		{9A4E19E1-C154-45AC-8B93-068085B159BF}.Release|Any CPU.ActiveCfg = Release|Any CPU
		{9A4E19E1-C154-45AC-8B93-068085B159BF}.Release|Any CPU.Build.0 = Release|Any CPU
		{05A9D5F4-CD47-4563-BF67-5BC9C559F4E5}.Debug|Any CPU.ActiveCfg = Debug|Any CPU
		{05A9D5F4-CD47-4563-BF67-5BC9C559F4E5}.Debug|Any CPU.Build.0 = Debug|Any CPU
		{05A9D5F4-CD47-4563-BF67-5BC9C559F4E5}.Release|Any CPU.ActiveCfg = Release|Any CPU
		{05A9D5F4-CD47-4563-BF67-5BC9C559F4E5}.Release|Any CPU.Build.0 = Release|Any CPU
		{53AC4F2D-FD90-4760-9BA3-7157791BA73B}.Debug|Any CPU.ActiveCfg = Debug|Any CPU
		{53AC4F2D-FD90-4760-9BA3-7157791BA73B}.Debug|Any CPU.Build.0 = Debug|Any CPU
		{53AC4F2D-FD90-4760-9BA3-7157791BA73B}.Release|Any CPU.ActiveCfg = Release|Any CPU
		{53AC4F2D-FD90-4760-9BA3-7157791BA73B}.Release|Any CPU.Build.0 = Release|Any CPU
	EndGlobalSection
	GlobalSection(SolutionProperties) = preSolution
		HideSolutionNode = FALSE
	EndGlobalSection
	GlobalSection(ExtensibilityGlobals) = postSolution
		SolutionGuid = {6B8813C3-0EF2-4E3E-98FB-D577A04380BE}
	EndGlobalSection
EndGlobal
